// !$*UTF8*$!
{
	archiveVersion = 1;
	classes = {
	};
	objectVersion = 50;
	objects = {

/* Begin PBXBuildFile section */
		B3529E79266B975100BEB123 /* AppDelegate.swift in Sources */ = {isa = PBXBuildFile; fileRef = B3529E78266B975100BEB123 /* AppDelegate.swift */; };
		B3529E7B266B975100BEB123 /* SceneDelegate.swift in Sources */ = {isa = PBXBuildFile; fileRef = B3529E7A266B975100BEB123 /* SceneDelegate.swift */; };
		B3529E7D266B975100BEB123 /* AccountsViewController.swift in Sources */ = {isa = PBXBuildFile; fileRef = B3529E7C266B975100BEB123 /* AccountsViewController.swift */; };
		B3529E80266B975100BEB123 /* Main.storyboard in Resources */ = {isa = PBXBuildFile; fileRef = B3529E7E266B975100BEB123 /* Main.storyboard */; };
		B3529E82266B975200BEB123 /* Assets.xcassets in Resources */ = {isa = PBXBuildFile; fileRef = B3529E81266B975200BEB123 /* Assets.xcassets */; };
		B3529E85266B975200BEB123 /* LaunchScreen.storyboard in Resources */ = {isa = PBXBuildFile; fileRef = B3529E83266B975200BEB123 /* LaunchScreen.storyboard */; };
		B3529E90266B975200BEB123 /* UBankiOSTests.swift in Sources */ = {isa = PBXBuildFile; fileRef = B3529E8F266B975200BEB123 /* UBankiOSTests.swift */; };
		B3529E9B266B975200BEB123 /* UBankiOSUITests.swift in Sources */ = {isa = PBXBuildFile; fileRef = B3529E9A266B975200BEB123 /* UBankiOSUITests.swift */; };
		B3E6D9D1266E36380077CFD2 /* TransactionsViewController.swift in Sources */ = {isa = PBXBuildFile; fileRef = B3E6D9D0266E36380077CFD2 /* TransactionsViewController.swift */; };
		B3E6D9D3266E3D8D0077CFD2 /* Accounts.swift in Sources */ = {isa = PBXBuildFile; fileRef = B3E6D9D2266E3D8D0077CFD2 /* Accounts.swift */; };
		B3E6D9D5266E3DD60077CFD2 /* AccountsViewModel.swift in Sources */ = {isa = PBXBuildFile; fileRef = B3E6D9D4266E3DD60077CFD2 /* AccountsViewModel.swift */; };
		B3E6D9D7266E3E270077CFD2 /* APIService.swift in Sources */ = {isa = PBXBuildFile; fileRef = B3E6D9D6266E3E270077CFD2 /* APIService.swift */; };
		B3E6D9D9266E3E6B0077CFD2 /* TransactionsViewModel.swift in Sources */ = {isa = PBXBuildFile; fileRef = B3E6D9D8266E3E6B0077CFD2 /* TransactionsViewModel.swift */; };
		B3E6D9DB266E3EB70077CFD2 /* AccountsTableViewDataSource.swift in Sources */ = {isa = PBXBuildFile; fileRef = B3E6D9DA266E3EB70077CFD2 /* AccountsTableViewDataSource.swift */; };
		B3E6D9DD266E3ED80077CFD2 /* TransactionsTableViewDataSource.swift in Sources */ = {isa = PBXBuildFile; fileRef = B3E6D9DC266E3ED80077CFD2 /* TransactionsTableViewDataSource.swift */; };
		B3E6D9DF266E3EFA0077CFD2 /* Transactions.swift in Sources */ = {isa = PBXBuildFile; fileRef = B3E6D9DE266E3EFA0077CFD2 /* Transactions.swift */; };
		B3E6D9E2266E3F2B0077CFD2 /* AccountsTableViewCell.swift in Sources */ = {isa = PBXBuildFile; fileRef = B3E6D9E0266E3F2B0077CFD2 /* AccountsTableViewCell.swift */; };
		B3E6D9E3266E3F2B0077CFD2 /* AccountsTableViewCell.xib in Resources */ = {isa = PBXBuildFile; fileRef = B3E6D9E1266E3F2B0077CFD2 /* AccountsTableViewCell.xib */; };
		B3E6D9E6266E3F4B0077CFD2 /* TransactionsTableViewCell.swift in Sources */ = {isa = PBXBuildFile; fileRef = B3E6D9E4266E3F4B0077CFD2 /* TransactionsTableViewCell.swift */; };
		B3E6D9E7266E3F4B0077CFD2 /* TransactionsTableViewCell.xib in Resources */ = {isa = PBXBuildFile; fileRef = B3E6D9E5266E3F4B0077CFD2 /* TransactionsTableViewCell.xib */; };
		B3E6D9EA266E3FBC0077CFD2 /* Accounts.json in Resources */ = {isa = PBXBuildFile; fileRef = B3E6D9E8266E3FBC0077CFD2 /* Accounts.json */; };
		B3E6D9EB266E3FBC0077CFD2 /* Transactions.json in Resources */ = {isa = PBXBuildFile; fileRef = B3E6D9E9266E3FBC0077CFD2 /* Transactions.json */; };
		B3F48CCA267081A700793F4C /* AccountsViewControllerTests.swift in Sources */ = {isa = PBXBuildFile; fileRef = B3F48CC9267081A700793F4C /* AccountsViewControllerTests.swift */; };
		B3F48CCC267081C400793F4C /* TransactionsViewControllerTests.swift in Sources */ = {isa = PBXBuildFile; fileRef = B3F48CCB267081C400793F4C /* TransactionsViewControllerTests.swift */; };
/* End PBXBuildFile section */

/* Begin PBXContainerItemProxy section */
		B3529E8C266B975200BEB123 /* PBXContainerItemProxy */ = {
			isa = PBXContainerItemProxy;
			containerPortal = B3529E6D266B975000BEB123 /* Project object */;
			proxyType = 1;
			remoteGlobalIDString = B3529E74266B975100BEB123;
			remoteInfo = UBankiOS;
		};
		B3529E97266B975200BEB123 /* PBXContainerItemProxy */ = {
			isa = PBXContainerItemProxy;
			containerPortal = B3529E6D266B975000BEB123 /* Project object */;
			proxyType = 1;
			remoteGlobalIDString = B3529E74266B975100BEB123;
			remoteInfo = UBankiOS;
		};
/* End PBXContainerItemProxy section */

/* Begin PBXFileReference section */
		B3529E75266B975100BEB123 /* UBankiOS.app */ = {isa = PBXFileReference; explicitFileType = wrapper.application; includeInIndex = 0; path = UBankiOS.app; sourceTree = BUILT_PRODUCTS_DIR; };
		B3529E78266B975100BEB123 /* AppDelegate.swift */ = {isa = PBXFileReference; lastKnownFileType = sourcecode.swift; path = AppDelegate.swift; sourceTree = "<group>"; };
		B3529E7A266B975100BEB123 /* SceneDelegate.swift */ = {isa = PBXFileReference; lastKnownFileType = sourcecode.swift; path = SceneDelegate.swift; sourceTree = "<group>"; };
		B3529E7C266B975100BEB123 /* AccountsViewController.swift */ = {isa = PBXFileReference; lastKnownFileType = sourcecode.swift; path = AccountsViewController.swift; sourceTree = "<group>"; };
		B3529E7F266B975100BEB123 /* Base */ = {isa = PBXFileReference; lastKnownFileType = file.storyboard; name = Base; path = Base.lproj/Main.storyboard; sourceTree = "<group>"; };
		B3529E81266B975200BEB123 /* Assets.xcassets */ = {isa = PBXFileReference; lastKnownFileType = folder.assetcatalog; path = Assets.xcassets; sourceTree = "<group>"; };
		B3529E84266B975200BEB123 /* Base */ = {isa = PBXFileReference; lastKnownFileType = file.storyboard; name = Base; path = Base.lproj/LaunchScreen.storyboard; sourceTree = "<group>"; };
		B3529E86266B975200BEB123 /* Info.plist */ = {isa = PBXFileReference; lastKnownFileType = text.plist.xml; path = Info.plist; sourceTree = "<group>"; };
		B3529E8B266B975200BEB123 /* UBankiOSTests.xctest */ = {isa = PBXFileReference; explicitFileType = wrapper.cfbundle; includeInIndex = 0; path = UBankiOSTests.xctest; sourceTree = BUILT_PRODUCTS_DIR; };
		B3529E8F266B975200BEB123 /* UBankiOSTests.swift */ = {isa = PBXFileReference; lastKnownFileType = sourcecode.swift; path = UBankiOSTests.swift; sourceTree = "<group>"; };
		B3529E91266B975200BEB123 /* Info.plist */ = {isa = PBXFileReference; lastKnownFileType = text.plist.xml; path = Info.plist; sourceTree = "<group>"; };
		B3529E96266B975200BEB123 /* UBankiOSUITests.xctest */ = {isa = PBXFileReference; explicitFileType = wrapper.cfbundle; includeInIndex = 0; path = UBankiOSUITests.xctest; sourceTree = BUILT_PRODUCTS_DIR; };
		B3529E9A266B975200BEB123 /* UBankiOSUITests.swift */ = {isa = PBXFileReference; lastKnownFileType = sourcecode.swift; path = UBankiOSUITests.swift; sourceTree = "<group>"; };
		B3529E9C266B975200BEB123 /* Info.plist */ = {isa = PBXFileReference; lastKnownFileType = text.plist.xml; path = Info.plist; sourceTree = "<group>"; };
		B3E6D9D0266E36380077CFD2 /* TransactionsViewController.swift */ = {isa = PBXFileReference; lastKnownFileType = sourcecode.swift; path = TransactionsViewController.swift; sourceTree = "<group>"; };
		B3E6D9D2266E3D8D0077CFD2 /* Accounts.swift */ = {isa = PBXFileReference; lastKnownFileType = sourcecode.swift; path = Accounts.swift; sourceTree = "<group>"; };
		B3E6D9D4266E3DD60077CFD2 /* AccountsViewModel.swift */ = {isa = PBXFileReference; lastKnownFileType = sourcecode.swift; path = AccountsViewModel.swift; sourceTree = "<group>"; };
		B3E6D9D6266E3E270077CFD2 /* APIService.swift */ = {isa = PBXFileReference; lastKnownFileType = sourcecode.swift; path = APIService.swift; sourceTree = "<group>"; };
		B3E6D9D8266E3E6B0077CFD2 /* TransactionsViewModel.swift */ = {isa = PBXFileReference; lastKnownFileType = sourcecode.swift; path = TransactionsViewModel.swift; sourceTree = "<group>"; };
		B3E6D9DA266E3EB70077CFD2 /* AccountsTableViewDataSource.swift */ = {isa = PBXFileReference; lastKnownFileType = sourcecode.swift; path = AccountsTableViewDataSource.swift; sourceTree = "<group>"; };
		B3E6D9DC266E3ED80077CFD2 /* TransactionsTableViewDataSource.swift */ = {isa = PBXFileReference; lastKnownFileType = sourcecode.swift; path = TransactionsTableViewDataSource.swift; sourceTree = "<group>"; };
		B3E6D9DE266E3EFA0077CFD2 /* Transactions.swift */ = {isa = PBXFileReference; lastKnownFileType = sourcecode.swift; path = Transactions.swift; sourceTree = "<group>"; };
		B3E6D9E0266E3F2B0077CFD2 /* AccountsTableViewCell.swift */ = {isa = PBXFileReference; lastKnownFileType = sourcecode.swift; path = AccountsTableViewCell.swift; sourceTree = "<group>"; };
		B3E6D9E1266E3F2B0077CFD2 /* AccountsTableViewCell.xib */ = {isa = PBXFileReference; lastKnownFileType = file.xib; path = AccountsTableViewCell.xib; sourceTree = "<group>"; };
		B3E6D9E4266E3F4B0077CFD2 /* TransactionsTableViewCell.swift */ = {isa = PBXFileReference; lastKnownFileType = sourcecode.swift; path = TransactionsTableViewCell.swift; sourceTree = "<group>"; };
		B3E6D9E5266E3F4B0077CFD2 /* TransactionsTableViewCell.xib */ = {isa = PBXFileReference; lastKnownFileType = file.xib; path = TransactionsTableViewCell.xib; sourceTree = "<group>"; };
		B3E6D9E8266E3FBC0077CFD2 /* Accounts.json */ = {isa = PBXFileReference; fileEncoding = 4; lastKnownFileType = text.json; path = Accounts.json; sourceTree = "<group>"; };
		B3E6D9E9266E3FBC0077CFD2 /* Transactions.json */ = {isa = PBXFileReference; fileEncoding = 4; lastKnownFileType = text.json; path = Transactions.json; sourceTree = "<group>"; };
		B3F48CC9267081A700793F4C /* AccountsViewControllerTests.swift */ = {isa = PBXFileReference; lastKnownFileType = sourcecode.swift; path = AccountsViewControllerTests.swift; sourceTree = "<group>"; };
		B3F48CCB267081C400793F4C /* TransactionsViewControllerTests.swift */ = {isa = PBXFileReference; lastKnownFileType = sourcecode.swift; path = TransactionsViewControllerTests.swift; sourceTree = "<group>"; };
/* End PBXFileReference section */

/* Begin PBXFrameworksBuildPhase section */
		B3529E72266B975100BEB123 /* Frameworks */ = {
			isa = PBXFrameworksBuildPhase;
			buildActionMask = 2147483647;
			files = (
			);
			runOnlyForDeploymentPostprocessing = 0;
		};
		B3529E88266B975200BEB123 /* Frameworks */ = {
			isa = PBXFrameworksBuildPhase;
			buildActionMask = 2147483647;
			files = (
			);
			runOnlyForDeploymentPostprocessing = 0;
		};
		B3529E93266B975200BEB123 /* Frameworks */ = {
			isa = PBXFrameworksBuildPhase;
			buildActionMask = 2147483647;
			files = (
			);
			runOnlyForDeploymentPostprocessing = 0;
		};
/* End PBXFrameworksBuildPhase section */

/* Begin PBXGroup section */
		B3529E6C266B975000BEB123 = {
			isa = PBXGroup;
			children = (
				B3529E77266B975100BEB123 /* UBankiOS */,
				B3529E8E266B975200BEB123 /* UBankiOSTests */,
				B3529E99266B975200BEB123 /* UBankiOSUITests */,
				B3529E76266B975100BEB123 /* Products */,
			);
			sourceTree = "<group>";
		};
		B3529E76266B975100BEB123 /* Products */ = {
			isa = PBXGroup;
			children = (
				B3529E75266B975100BEB123 /* UBankiOS.app */,
				B3529E8B266B975200BEB123 /* UBankiOSTests.xctest */,
				B3529E96266B975200BEB123 /* UBankiOSUITests.xctest */,
			);
			name = Products;
			sourceTree = "<group>";
		};
		B3529E77266B975100BEB123 /* UBankiOS */ = {
			isa = PBXGroup;
			children = (
				B3E6D9CA266E35AB0077CFD2 /* ViewControllers */,
				B3E6D9CD266E35C60077CFD2 /* ViewModels */,
				B3E6D9CC266E35BC0077CFD2 /* Models */,
				B3E6D9CF266E35DC0077CFD2 /* TableViewCells */,
				B3E6D9CE266E35D30077CFD2 /* WebService */,
				B3E6D9CB266E35B60077CFD2 /* Common */,
				B3E6D9C9266E35A10077CFD2 /* JSON */,
				B3529E7E266B975100BEB123 /* Main.storyboard */,
				B3529E81266B975200BEB123 /* Assets.xcassets */,
				B3529E83266B975200BEB123 /* LaunchScreen.storyboard */,
				B3529E86266B975200BEB123 /* Info.plist */,
			);
			path = UBankiOS;
			sourceTree = "<group>";
		};
		B3529E8E266B975200BEB123 /* UBankiOSTests */ = {
			isa = PBXGroup;
			children = (
				B3529E8F266B975200BEB123 /* UBankiOSTests.swift */,
				B3529E91266B975200BEB123 /* Info.plist */,
				B3F48CC9267081A700793F4C /* AccountsViewControllerTests.swift */,
				B3F48CCB267081C400793F4C /* TransactionsViewControllerTests.swift */,
			);
			path = UBankiOSTests;
			sourceTree = "<group>";
		};
		B3529E99266B975200BEB123 /* UBankiOSUITests */ = {
			isa = PBXGroup;
			children = (
				B3529E9A266B975200BEB123 /* UBankiOSUITests.swift */,
				B3529E9C266B975200BEB123 /* Info.plist */,
			);
			path = UBankiOSUITests;
			sourceTree = "<group>";
		};
		B3E6D9C9266E35A10077CFD2 /* JSON */ = {
			isa = PBXGroup;
			children = (
				B3E6D9E8266E3FBC0077CFD2 /* Accounts.json */,
				B3E6D9E9266E3FBC0077CFD2 /* Transactions.json */,
			);
			path = JSON;
			sourceTree = "<group>";
		};
		B3E6D9CA266E35AB0077CFD2 /* ViewControllers */ = {
			isa = PBXGroup;
			children = (
				B3529E7C266B975100BEB123 /* AccountsViewController.swift */,
				B3E6D9D0266E36380077CFD2 /* TransactionsViewController.swift */,
			);
			path = ViewControllers;
			sourceTree = "<group>";
		};
		B3E6D9CB266E35B60077CFD2 /* Common */ = {
			isa = PBXGroup;
			children = (
				B3529E78266B975100BEB123 /* AppDelegate.swift */,
				B3529E7A266B975100BEB123 /* SceneDelegate.swift */,
			);
			path = Common;
			sourceTree = "<group>";
		};
		B3E6D9CC266E35BC0077CFD2 /* Models */ = {
			isa = PBXGroup;
			children = (
				B3E6D9D2266E3D8D0077CFD2 /* Accounts.swift */,
				B3E6D9DE266E3EFA0077CFD2 /* Transactions.swift */,
			);
			path = Models;
			sourceTree = "<group>";
		};
		B3E6D9CD266E35C60077CFD2 /* ViewModels */ = {
			isa = PBXGroup;
			children = (
				B3E6D9D4266E3DD60077CFD2 /* AccountsViewModel.swift */,
				B3E6D9D8266E3E6B0077CFD2 /* TransactionsViewModel.swift */,
				B3E6D9DA266E3EB70077CFD2 /* AccountsTableViewDataSource.swift */,
				B3E6D9DC266E3ED80077CFD2 /* TransactionsTableViewDataSource.swift */,
			);
			path = ViewModels;
			sourceTree = "<group>";
		};
		B3E6D9CE266E35D30077CFD2 /* WebService */ = {
			isa = PBXGroup;
			children = (
				B3E6D9D6266E3E270077CFD2 /* APIService.swift */,
			);
			path = WebService;
			sourceTree = "<group>";
		};
		B3E6D9CF266E35DC0077CFD2 /* TableViewCells */ = {
			isa = PBXGroup;
			children = (
				B3E6D9E0266E3F2B0077CFD2 /* AccountsTableViewCell.swift */,
				B3E6D9E1266E3F2B0077CFD2 /* AccountsTableViewCell.xib */,
				B3E6D9E4266E3F4B0077CFD2 /* TransactionsTableViewCell.swift */,
				B3E6D9E5266E3F4B0077CFD2 /* TransactionsTableViewCell.xib */,
			);
			path = TableViewCells;
			sourceTree = "<group>";
		};
/* End PBXGroup section */

/* Begin PBXNativeTarget section */
		B3529E74266B975100BEB123 /* UBankiOS */ = {
			isa = PBXNativeTarget;
			buildConfigurationList = B3529E9F266B975200BEB123 /* Build configuration list for PBXNativeTarget "UBankiOS" */;
			buildPhases = (
				B3529E71266B975100BEB123 /* Sources */,
				B3529E72266B975100BEB123 /* Frameworks */,
				B3529E73266B975100BEB123 /* Resources */,
			);
			buildRules = (
			);
			dependencies = (
			);
			name = UBankiOS;
			productName = UBankiOS;
			productReference = B3529E75266B975100BEB123 /* UBankiOS.app */;
			productType = "com.apple.product-type.application";
		};
		B3529E8A266B975200BEB123 /* UBankiOSTests */ = {
			isa = PBXNativeTarget;
			buildConfigurationList = B3529EA2266B975200BEB123 /* Build configuration list for PBXNativeTarget "UBankiOSTests" */;
			buildPhases = (
				B3529E87266B975200BEB123 /* Sources */,
				B3529E88266B975200BEB123 /* Frameworks */,
				B3529E89266B975200BEB123 /* Resources */,
			);
			buildRules = (
			);
			dependencies = (
				B3529E8D266B975200BEB123 /* PBXTargetDependency */,
			);
			name = UBankiOSTests;
			productName = UBankiOSTests;
			productReference = B3529E8B266B975200BEB123 /* UBankiOSTests.xctest */;
			productType = "com.apple.product-type.bundle.unit-test";
		};
		B3529E95266B975200BEB123 /* UBankiOSUITests */ = {
			isa = PBXNativeTarget;
			buildConfigurationList = B3529EA5266B975200BEB123 /* Build configuration list for PBXNativeTarget "UBankiOSUITests" */;
			buildPhases = (
				B3529E92266B975200BEB123 /* Sources */,
				B3529E93266B975200BEB123 /* Frameworks */,
				B3529E94266B975200BEB123 /* Resources */,
			);
			buildRules = (
			);
			dependencies = (
				B3529E98266B975200BEB123 /* PBXTargetDependency */,
			);
			name = UBankiOSUITests;
			productName = UBankiOSUITests;
			productReference = B3529E96266B975200BEB123 /* UBankiOSUITests.xctest */;
			productType = "com.apple.product-type.bundle.ui-testing";
		};
/* End PBXNativeTarget section */

/* Begin PBXProject section */
		B3529E6D266B975000BEB123 /* Project object */ = {
			isa = PBXProject;
			attributes = {
				LastSwiftUpdateCheck = 1150;
				LastUpgradeCheck = 1150;
				ORGANIZATIONNAME = "Karthi  S S";
				TargetAttributes = {
					B3529E74266B975100BEB123 = {
						CreatedOnToolsVersion = 11.5;
					};
					B3529E8A266B975200BEB123 = {
						CreatedOnToolsVersion = 11.5;
						TestTargetID = B3529E74266B975100BEB123;
					};
					B3529E95266B975200BEB123 = {
						CreatedOnToolsVersion = 11.5;
						TestTargetID = B3529E74266B975100BEB123;
					};
				};
			};
			buildConfigurationList = B3529E70266B975000BEB123 /* Build configuration list for PBXProject "UBankiOS" */;
			compatibilityVersion = "Xcode 9.3";
			developmentRegion = en;
			hasScannedForEncodings = 0;
			knownRegions = (
				en,
				Base,
			);
			mainGroup = B3529E6C266B975000BEB123;
			productRefGroup = B3529E76266B975100BEB123 /* Products */;
			projectDirPath = "";
			projectRoot = "";
			targets = (
				B3529E74266B975100BEB123 /* UBankiOS */,
				B3529E8A266B975200BEB123 /* UBankiOSTests */,
				B3529E95266B975200BEB123 /* UBankiOSUITests */,
			);
		};
/* End PBXProject section */

/* Begin PBXResourcesBuildPhase section */
		B3529E73266B975100BEB123 /* Resources */ = {
			isa = PBXResourcesBuildPhase;
			buildActionMask = 2147483647;
			files = (
				B3529E85266B975200BEB123 /* LaunchScreen.storyboard in Resources */,
				B3E6D9E7266E3F4B0077CFD2 /* TransactionsTableViewCell.xib in Resources */,
				B3E6D9EB266E3FBC0077CFD2 /* Transactions.json in Resources */,
				B3E6D9E3266E3F2B0077CFD2 /* AccountsTableViewCell.xib in Resources */,
				B3529E82266B975200BEB123 /* Assets.xcassets in Resources */,
				B3529E80266B975100BEB123 /* Main.storyboard in Resources */,
				B3E6D9EA266E3FBC0077CFD2 /* Accounts.json in Resources */,
			);
			runOnlyForDeploymentPostprocessing = 0;
		};
		B3529E89266B975200BEB123 /* Resources */ = {
			isa = PBXResourcesBuildPhase;
			buildActionMask = 2147483647;
			files = (
			);
			runOnlyForDeploymentPostprocessing = 0;
		};
		B3529E94266B975200BEB123 /* Resources */ = {
			isa = PBXResourcesBuildPhase;
			buildActionMask = 2147483647;
			files = (
			);
			runOnlyForDeploymentPostprocessing = 0;
		};
/* End PBXResourcesBuildPhase section */

/* Begin PBXSourcesBuildPhase section */
		B3529E71266B975100BEB123 /* Sources */ = {
			isa = PBXSourcesBuildPhase;
			buildActionMask = 2147483647;
			files = (
				B3529E7D266B975100BEB123 /* AccountsViewController.swift in Sources */,
				B3E6D9D7266E3E270077CFD2 /* APIService.swift in Sources */,
				B3529E79266B975100BEB123 /* AppDelegate.swift in Sources */,
				B3E6D9D9266E3E6B0077CFD2 /* TransactionsViewModel.swift in Sources */,
				B3E6D9D3266E3D8D0077CFD2 /* Accounts.swift in Sources */,
				B3E6D9E2266E3F2B0077CFD2 /* AccountsTableViewCell.swift in Sources */,
				B3E6D9DF266E3EFA0077CFD2 /* Transactions.swift in Sources */,
				B3E6D9DD266E3ED80077CFD2 /* TransactionsTableViewDataSource.swift in Sources */,
				B3E6D9D1266E36380077CFD2 /* TransactionsViewController.swift in Sources */,
				B3E6D9DB266E3EB70077CFD2 /* AccountsTableViewDataSource.swift in Sources */,
				B3E6D9D5266E3DD60077CFD2 /* AccountsViewModel.swift in Sources */,
				B3E6D9E6266E3F4B0077CFD2 /* TransactionsTableViewCell.swift in Sources */,
				B3529E7B266B975100BEB123 /* SceneDelegate.swift in Sources */,
			);
			runOnlyForDeploymentPostprocessing = 0;
		};
		B3529E87266B975200BEB123 /* Sources */ = {
			isa = PBXSourcesBuildPhase;
			buildActionMask = 2147483647;
			files = (
				B3F48CCC267081C400793F4C /* TransactionsViewControllerTests.swift in Sources */,
				B3F48CCA267081A700793F4C /* AccountsViewControllerTests.swift in Sources */,
				B3529E90266B975200BEB123 /* UBankiOSTests.swift in Sources */,
			);
			runOnlyForDeploymentPostprocessing = 0;
		};
		B3529E92266B975200BEB123 /* Sources */ = {
			isa = PBXSourcesBuildPhase;
			buildActionMask = 2147483647;
			files = (
				B3529E9B266B975200BEB123 /* UBankiOSUITests.swift in Sources */,
			);
			runOnlyForDeploymentPostprocessing = 0;
		};
/* End PBXSourcesBuildPhase section */

/* Begin PBXTargetDependency section */
		B3529E8D266B975200BEB123 /* PBXTargetDependency */ = {
			isa = PBXTargetDependency;
			target = B3529E74266B975100BEB123 /* UBankiOS */;
			targetProxy = B3529E8C266B975200BEB123 /* PBXContainerItemProxy */;
		};
		B3529E98266B975200BEB123 /* PBXTargetDependency */ = {
			isa = PBXTargetDependency;
			target = B3529E74266B975100BEB123 /* UBankiOS */;
			targetProxy = B3529E97266B975200BEB123 /* PBXContainerItemProxy */;
		};
/* End PBXTargetDependency section */

/* Begin PBXVariantGroup section */
		B3529E7E266B975100BEB123 /* Main.storyboard */ = {
			isa = PBXVariantGroup;
			children = (
				B3529E7F266B975100BEB123 /* Base */,
			);
			name = Main.storyboard;
			sourceTree = "<group>";
		};
		B3529E83266B975200BEB123 /* LaunchScreen.storyboard */ = {
			isa = PBXVariantGroup;
			children = (
				B3529E84266B975200BEB123 /* Base */,
			);
			name = LaunchScreen.storyboard;
			sourceTree = "<group>";
		};
/* End PBXVariantGroup section */

/* Begin XCBuildConfiguration section */
		B3529E9D266B975200BEB123 /* Debug */ = {
			isa = XCBuildConfiguration;
			buildSettings = {
				ALWAYS_SEARCH_USER_PATHS = NO;
				CLANG_ANALYZER_NONNULL = YES;
				CLANG_ANALYZER_NUMBER_OBJECT_CONVERSION = YES_AGGRESSIVE;
				CLANG_CXX_LANGUAGE_STANDARD = "gnu++14";
				CLANG_CXX_LIBRARY = "libc++";
				CLANG_ENABLE_MODULES = YES;
				CLANG_ENABLE_OBJC_ARC = YES;
				CLANG_ENABLE_OBJC_WEAK = YES;
				CLANG_WARN_BLOCK_CAPTURE_AUTORELEASING = YES;
				CLANG_WARN_BOOL_CONVERSION = YES;
				CLANG_WARN_COMMA = YES;
				CLANG_WARN_CONSTANT_CONVERSION = YES;
				CLANG_WARN_DEPRECATED_OBJC_IMPLEMENTATIONS = YES;
				CLANG_WARN_DIRECT_OBJC_ISA_USAGE = YES_ERROR;
				CLANG_WARN_DOCUMENTATION_COMMENTS = YES;
				CLANG_WARN_EMPTY_BODY = YES;
				CLANG_WARN_ENUM_CONVERSION = YES;
				CLANG_WARN_INFINITE_RECURSION = YES;
				CLANG_WARN_INT_CONVERSION = YES;
				CLANG_WARN_NON_LITERAL_NULL_CONVERSION = YES;
				CLANG_WARN_OBJC_IMPLICIT_RETAIN_SELF = YES;
				CLANG_WARN_OBJC_LITERAL_CONVERSION = YES;
				CLANG_WARN_OBJC_ROOT_CLASS = YES_ERROR;
				CLANG_WARN_RANGE_LOOP_ANALYSIS = YES;
				CLANG_WARN_STRICT_PROTOTYPES = YES;
				CLANG_WARN_SUSPICIOUS_MOVE = YES;
				CLANG_WARN_UNGUARDED_AVAILABILITY = YES_AGGRESSIVE;
				CLANG_WARN_UNREACHABLE_CODE = YES;
				CLANG_WARN__DUPLICATE_METHOD_MATCH = YES;
				COPY_PHASE_STRIP = NO;
				DEBUG_INFORMATION_FORMAT = dwarf;
				ENABLE_STRICT_OBJC_MSGSEND = YES;
				ENABLE_TESTABILITY = YES;
				GCC_C_LANGUAGE_STANDARD = gnu11;
				GCC_DYNAMIC_NO_PIC = NO;
				GCC_NO_COMMON_BLOCKS = YES;
				GCC_OPTIMIZATION_LEVEL = 0;
				GCC_PREPROCESSOR_DEFINITIONS = (
					"DEBUG=1",
					"$(inherited)",
				);
				GCC_WARN_64_TO_32_BIT_CONVERSION = YES;
				GCC_WARN_ABOUT_RETURN_TYPE = YES_ERROR;
				GCC_WARN_UNDECLARED_SELECTOR = YES;
				GCC_WARN_UNINITIALIZED_AUTOS = YES_AGGRESSIVE;
				GCC_WARN_UNUSED_FUNCTION = YES;
				GCC_WARN_UNUSED_VARIABLE = YES;
				IPHONEOS_DEPLOYMENT_TARGET = 13.5;
				MTL_ENABLE_DEBUG_INFO = INCLUDE_SOURCE;
				MTL_FAST_MATH = YES;
				ONLY_ACTIVE_ARCH = YES;
				SDKROOT = iphoneos;
				SWIFT_ACTIVE_COMPILATION_CONDITIONS = DEBUG;
				SWIFT_OPTIMIZATION_LEVEL = "-Onone";
			};
			name = Debug;
		};
		B3529E9E266B975200BEB123 /* Release */ = {
			isa = XCBuildConfiguration;
			buildSettings = {
				ALWAYS_SEARCH_USER_PATHS = NO;
				CLANG_ANALYZER_NONNULL = YES;
				CLANG_ANALYZER_NUMBER_OBJECT_CONVERSION = YES_AGGRESSIVE;
				CLANG_CXX_LANGUAGE_STANDARD = "gnu++14";
				CLANG_CXX_LIBRARY = "libc++";
				CLANG_ENABLE_MODULES = YES;
				CLANG_ENABLE_OBJC_ARC = YES;
				CLANG_ENABLE_OBJC_WEAK = YES;
				CLANG_WARN_BLOCK_CAPTURE_AUTORELEASING = YES;
				CLANG_WARN_BOOL_CONVERSION = YES;
				CLANG_WARN_COMMA = YES;
				CLANG_WARN_CONSTANT_CONVERSION = YES;
				CLANG_WARN_DEPRECATED_OBJC_IMPLEMENTATIONS = YES;
				CLANG_WARN_DIRECT_OBJC_ISA_USAGE = YES_ERROR;
				CLANG_WARN_DOCUMENTATION_COMMENTS = YES;
				CLANG_WARN_EMPTY_BODY = YES;
				CLANG_WARN_ENUM_CONVERSION = YES;
				CLANG_WARN_INFINITE_RECURSION = YES;
				CLANG_WARN_INT_CONVERSION = YES;
				CLANG_WARN_NON_LITERAL_NULL_CONVERSION = YES;
				CLANG_WARN_OBJC_IMPLICIT_RETAIN_SELF = YES;
				CLANG_WARN_OBJC_LITERAL_CONVERSION = YES;
				CLANG_WARN_OBJC_ROOT_CLASS = YES_ERROR;
				CLANG_WARN_RANGE_LOOP_ANALYSIS = YES;
				CLANG_WARN_STRICT_PROTOTYPES = YES;
				CLANG_WARN_SUSPICIOUS_MOVE = YES;
				CLANG_WARN_UNGUARDED_AVAILABILITY = YES_AGGRESSIVE;
				CLANG_WARN_UNREACHABLE_CODE = YES;
				CLANG_WARN__DUPLICATE_METHOD_MATCH = YES;
				COPY_PHASE_STRIP = NO;
				DEBUG_INFORMATION_FORMAT = "dwarf-with-dsym";
				ENABLE_NS_ASSERTIONS = NO;
				ENABLE_STRICT_OBJC_MSGSEND = YES;
				GCC_C_LANGUAGE_STANDARD = gnu11;
				GCC_NO_COMMON_BLOCKS = YES;
				GCC_WARN_64_TO_32_BIT_CONVERSION = YES;
				GCC_WARN_ABOUT_RETURN_TYPE = YES_ERROR;
				GCC_WARN_UNDECLARED_SELECTOR = YES;
				GCC_WARN_UNINITIALIZED_AUTOS = YES_AGGRESSIVE;
				GCC_WARN_UNUSED_FUNCTION = YES;
				GCC_WARN_UNUSED_VARIABLE = YES;
				IPHONEOS_DEPLOYMENT_TARGET = 13.5;
				MTL_ENABLE_DEBUG_INFO = NO;
				MTL_FAST_MATH = YES;
				SDKROOT = iphoneos;
				SWIFT_COMPILATION_MODE = wholemodule;
				SWIFT_OPTIMIZATION_LEVEL = "-O";
				VALIDATE_PRODUCT = YES;
			};
			name = Release;
		};
		B3529EA0266B975200BEB123 /* Debug */ = {
			isa = XCBuildConfiguration;
			buildSettings = {
				ASSETCATALOG_COMPILER_APPICON_NAME = AppIcon;
				CODE_SIGN_STYLE = Automatic;
				INFOPLIST_FILE = UBankiOS/Info.plist;
				LD_RUNPATH_SEARCH_PATHS = (
					"$(inherited)",
					"@executable_path/Frameworks",
				);
				PRODUCT_BUNDLE_IDENTIFIER = ubank.UBankiOS;
				PRODUCT_NAME = "$(TARGET_NAME)";
				SWIFT_VERSION = 5.0;
				TARGETED_DEVICE_FAMILY = "1,2";
			};
			name = Debug;
		};
		B3529EA1266B975200BEB123 /* Release */ = {
			isa = XCBuildConfiguration;
			buildSettings = {
				ASSETCATALOG_COMPILER_APPICON_NAME = AppIcon;
				CODE_SIGN_STYLE = Automatic;
				INFOPLIST_FILE = UBankiOS/Info.plist;
				LD_RUNPATH_SEARCH_PATHS = (
					"$(inherited)",
					"@executable_path/Frameworks",
				);
				PRODUCT_BUNDLE_IDENTIFIER = ubank.UBankiOS;
				PRODUCT_NAME = "$(TARGET_NAME)";
				SWIFT_VERSION = 5.0;
				TARGETED_DEVICE_FAMILY = "1,2";
			};
			name = Release;
		};
		B3529EA3266B975200BEB123 /* Debug */ = {
			isa = XCBuildConfiguration;
			buildSettings = {
				ALWAYS_EMBED_SWIFT_STANDARD_LIBRARIES = YES;
				BUNDLE_LOADER = "$(TEST_HOST)";
				CODE_SIGN_STYLE = Automatic;
				INFOPLIST_FILE = UBankiOSTests/Info.plist;
				IPHONEOS_DEPLOYMENT_TARGET = 13.5;
				LD_RUNPATH_SEARCH_PATHS = (
					"$(inherited)",
					"@executable_path/Frameworks",
					"@loader_path/Frameworks",
				);
				PRODUCT_BUNDLE_IDENTIFIER = ubank.UBankiOSTests;
				PRODUCT_NAME = "$(TARGET_NAME)";
				SWIFT_VERSION = 5.0;
				TARGETED_DEVICE_FAMILY = "1,2";
				TEST_HOST = "$(BUILT_PRODUCTS_DIR)/UBankiOS.app/UBankiOS";
			};
			name = Debug;
		};
		B3529EA4266B975200BEB123 /* Release */ = {
			isa = XCBuildConfiguration;
			buildSettings = {
				ALWAYS_EMBED_SWIFT_STANDARD_LIBRARIES = YES;
				BUNDLE_LOADER = "$(TEST_HOST)";
				CODE_SIGN_STYLE = Automatic;
				INFOPLIST_FILE = UBankiOSTests/Info.plist;
				IPHONEOS_DEPLOYMENT_TARGET = 13.5;
				LD_RUNPATH_SEARCH_PATHS = (
					"$(inherited)",
					"@executable_path/Frameworks",
					"@loader_path/Frameworks",
				);
				PRODUCT_BUNDLE_IDENTIFIER = ubank.UBankiOSTests;
				PRODUCT_NAME = "$(TARGET_NAME)";
				SWIFT_VERSION = 5.0;
				TARGETED_DEVICE_FAMILY = "1,2";
				TEST_HOST = "$(BUILT_PRODUCTS_DIR)/UBankiOS.app/UBankiOS";
			};
			name = Release;
		};
		B3529EA6266B975200BEB123 /* Debug */ = {
			isa = XCBuildConfiguration;
			buildSettings = {
				ALWAYS_EMBED_SWIFT_STANDARD_LIBRARIES = YES;
				CODE_SIGN_STYLE = Automatic;
				INFOPLIST_FILE = UBankiOSUITests/Info.plist;
				LD_RUNPATH_SEARCH_PATHS = (
					"$(inherited)",
					"@executable_path/Frameworks",
					"@loader_path/Frameworks",
				);
				PRODUCT_BUNDLE_IDENTIFIER = ubank.UBankiOSUITests;
				PRODUCT_NAME = "$(TARGET_NAME)";
				SWIFT_VERSION = 5.0;
				TARGETED_DEVICE_FAMILY = "1,2";
				TEST_TARGET_NAME = UBankiOS;
			};
			name = Debug;
		};
		B3529EA7266B975200BEB123 /* Release */ = {
			isa = XCBuildConfiguration;
			buildSettings = {
				ALWAYS_EMBED_SWIFT_STANDARD_LIBRARIES = YES;
				CODE_SIGN_STYLE = Automatic;
				INFOPLIST_FILE = UBankiOSUITests/Info.plist;
				LD_RUNPATH_SEARCH_PATHS = (
					"$(inherited)",
					"@executable_path/Frameworks",
					"@loader_path/Frameworks",
				);
				PRODUCT_BUNDLE_IDENTIFIER = ubank.UBankiOSUITests;
				PRODUCT_NAME = "$(TARGET_NAME)";
				SWIFT_VERSION = 5.0;
				TARGETED_DEVICE_FAMILY = "1,2";
				TEST_TARGET_NAME = UBankiOS;
			};
			name = Release;
		};
/* End XCBuildConfiguration section */

/* Begin XCConfigurationList section */
		B3529E70266B975000BEB123 /* Build configuration list for PBXProject "UBankiOS" */ = {
			isa = XCConfigurationList;
			buildConfigurations = (
				B3529E9D266B975200BEB123 /* Debug */,
				B3529E9E266B975200BEB123 /* Release */,
			);
			defaultConfigurationIsVisible = 0;
			defaultConfigurationName = Release;
		};
		B3529E9F266B975200BEB123 /* Build configuration list for PBXNativeTarget "UBankiOS" */ = {
			isa = XCConfigurationList;
			buildConfigurations = (
				B3529EA0266B975200BEB123 /* Debug */,
				B3529EA1266B975200BEB123 /* Release */,
			);
			defaultConfigurationIsVisible = 0;
			defaultConfigurationName = Release;
		};
		B3529EA2266B975200BEB123 /* Build configuration list for PBXNativeTarget "UBankiOSTests" */ = {
			isa = XCConfigurationList;
			buildConfigurations = (
				B3529EA3266B975200BEB123 /* Debug */,
				B3529EA4266B975200BEB123 /* Release */,
			);
			defaultConfigurationIsVisible = 0;
			defaultConfigurationName = Release;
		};
		B3529EA5266B975200BEB123 /* Build configuration list for PBXNativeTarget "UBankiOSUITests" */ = {
			isa = XCConfigurationList;
			buildConfigurations = (
				B3529EA6266B975200BEB123 /* Debug */,
				B3529EA7266B975200BEB123 /* Release */,
			);
			defaultConfigurationIsVisible = 0;
			defaultConfigurationName = Release;
		};
/* End XCConfigurationList section */
	};
	rootObject = B3529E6D266B975000BEB123 /* Project object */;
}
